
Microsoft Visual Studio Solution File, Format Version 12.00
# Visual Studio 15
VisualStudioVersion = 15.0.26430.15
MinimumVisualStudioVersion = 10.0.40219.1
Project("{FAE04EC0-301F-11D3-BF4B-00C04F79EFBC}") = "EmpresaApp", "EmpresaApp\EmpresaApp.csproj", "{985840B0-16D8-444F-B61D-E80C9D19BCEC}"
EndProject
Global
	GlobalSection(SolutionConfigurationPlatforms) = preSolution
		Debug|Any CPU = Debug|Any CPU
		Release|Any CPU = Release|Any CPU
	EndGlobalSection
	GlobalSection(ProjectConfigurationPlatforms) = postSolution
		{985840B0-16D8-444F-B61D-E80C9D19BCEC}.Debug|Any CPU.ActiveCfg = Debug|Any CPU
		{985840B0-16D8-444F-B61D-E80C9D19BCEC}.Debug|Any CPU.Build.0 = Debug|Any CPU
		{985840B0-16D8-444F-B61D-E80C9D19BCEC}.Release|Any CPU.ActiveCfg = Release|Any CPU
		{985840B0-16D8-444F-B61D-E80C9D19BCEC}.Release|Any CPU.Build.0 = Release|Any CPU
	EndGlobalSection
	GlobalSection(SolutionProperties) = preSolution
		HideSolutionNode = FALSE
	EndGlobalSection
EndGlobal
